
Microsoft Visual Studio Solution File, Format Version 12.00
# Visual Studio Version 16
VisualStudioVersion = 16.0.33423.256
MinimumVisualStudioVersion = 10.0.40219.1
Project("{FAE04EC0-301F-11D3-BF4B-00C04F79EFBC}") = "AssigmentSpecification", "AssigmentSpecification.csproj", "{AFC33F24-82F8-470C-9199-35413F9970A1}"
EndProject
Global
	GlobalSection(SolutionConfigurationPlatforms) = preSolution
		Debug|Any CPU = Debug|Any CPU
		Release|Any CPU = Release|Any CPU
	EndGlobalSection
	GlobalSection(ProjectConfigurationPlatforms) = postSolution
		{AFC33F24-82F8-470C-9199-35413F9970A1}.Debug|Any CPU.ActiveCfg = Debug|Any CPU
		{AFC33F24-82F8-470C-9199-35413F9970A1}.Debug|Any CPU.Build.0 = Debug|Any CPU
		{AFC33F24-82F8-470C-9199-35413F9970A1}.Release|Any CPU.ActiveCfg = Release|Any CPU
		{AFC33F24-82F8-470C-9199-35413F9970A1}.Release|Any CPU.Build.0 = Release|Any CPU
	EndGlobalSection
	GlobalSection(SolutionProperties) = preSolution
		HideSolutionNode = FALSE
	EndGlobalSection
	GlobalSection(ExtensibilityGlobals) = postSolution
		SolutionGuid = {6FCBA127-9EAB-45DF-91F7-78389529EBE9}
	EndGlobalSection
EndGlobal
