
Microsoft Visual Studio Solution File, Format Version 12.00
# Visual Studio Version 17
VisualStudioVersion = 17.5.33530.505
MinimumVisualStudioVersion = 10.0.40219.1
Project("{FAE04EC0-301F-11D3-BF4B-00C04F79EFBC}") = "KIT206Assignment2", "KIT206Assignment2\KIT206Assignment2.csproj", "{DFDCE4E8-C590-4214-A777-F73B2071573F}"
EndProject
Global
	GlobalSection(SolutionConfigurationPlatforms) = preSolution
		Debug|Any CPU = Debug|Any CPU
		Release|Any CPU = Release|Any CPU
	EndGlobalSection
	GlobalSection(ProjectConfigurationPlatforms) = postSolution
		{DFDCE4E8-C590-4214-A777-F73B2071573F}.Debug|Any CPU.ActiveCfg = Debug|Any CPU
		{DFDCE4E8-C590-4214-A777-F73B2071573F}.Debug|Any CPU.Build.0 = Debug|Any CPU
		{DFDCE4E8-C590-4214-A777-F73B2071573F}.Release|Any CPU.ActiveCfg = Release|Any CPU
		{DFDCE4E8-C590-4214-A777-F73B2071573F}.Release|Any CPU.Build.0 = Release|Any CPU
	EndGlobalSection
	GlobalSection(SolutionProperties) = preSolution
		HideSolutionNode = FALSE
	EndGlobalSection
	GlobalSection(ExtensibilityGlobals) = postSolution
		SolutionGuid = {0A95D19B-000B-4E35-9012-D7DC8685EC30}
	EndGlobalSection
EndGlobal
